
Microsoft Visual Studio Solution File, Format Version 12.00
# Visual Studio 14
VisualStudioVersion = 14.0.25420.1
MinimumVisualStudioVersion = 10.0.40219.1
Project("{FAE04EC0-301F-11D3-BF4B-00C04F79EFBC}") = "PlayWithMassTransit30", "PlayWithMassTransit30\PlayWithMassTransit30.csproj", "{73A1EDE4-A955-4B6A-B991-F3410D4511B7}"
EndProject
Project("{FAE04EC0-301F-11D3-BF4B-00C04F79EFBC}") = "PlayWithMassTransit30.Contract", "PlayWithMassTransit30.Contract\PlayWithMassTransit30.Contract.csproj", "{B88032F9-ACF9-4BE3-AFB5-7807775ADF70}"
EndProject
Global
	GlobalSection(SolutionConfigurationPlatforms) = preSolution
		Debug|Any CPU = Debug|Any CPU
		Release|Any CPU = Release|Any CPU
	EndGlobalSection
	GlobalSection(ProjectConfigurationPlatforms) = postSolution
		{73A1EDE4-A955-4B6A-B991-F3410D4511B7}.Debug|Any CPU.ActiveCfg = Debug|Any CPU
		{73A1EDE4-A955-4B6A-B991-F3410D4511B7}.Debug|Any CPU.Build.0 = Debug|Any CPU
		{73A1EDE4-A955-4B6A-B991-F3410D4511B7}.Release|Any CPU.ActiveCfg = Release|Any CPU
		{73A1EDE4-A955-4B6A-B991-F3410D4511B7}.Release|Any CPU.Build.0 = Release|Any CPU
		{B88032F9-ACF9-4BE3-AFB5-7807775ADF70}.Debug|Any CPU.ActiveCfg = Debug|Any CPU
		{B88032F9-ACF9-4BE3-AFB5-7807775ADF70}.Debug|Any CPU.Build.0 = Debug|Any CPU
		{B88032F9-ACF9-4BE3-AFB5-7807775ADF70}.Release|Any CPU.ActiveCfg = Release|Any CPU
		{B88032F9-ACF9-4BE3-AFB5-7807775ADF70}.Release|Any CPU.Build.0 = Release|Any CPU
	EndGlobalSection
	GlobalSection(SolutionProperties) = preSolution
		HideSolutionNode = FALSE
	EndGlobalSection
EndGlobal
